
Microsoft Visual Studio Solution File, Format Version 12.00
# Visual Studio Version 17
VisualStudioVersion = 17.5.33103.201
MinimumVisualStudioVersion = 10.0.40219.1
Project("{9A19103F-16F7-4668-BE54-9A1E7A4F7556}") = "Meziantou.Framework.WPF", "Meziantou.Framework.WPF.csproj", "{A7BD6EEF-A83D-40B4-8473-B1480B8088E3}"
EndProject
Project("{2150E333-8FDC-42A3-9474-1A3956D46DE8}") = "Solution Items", "Solution Items", "{60335540-A801-439B-9C6F-5C33650EF837}"
	ProjectSection(SolutionItems) = preProject
		.gitignore = .gitignore
		Meziantou.Framework.WPF.sln = Meziantou.Framework.WPF.sln
		README.md = README.md
	EndProjectSection
EndProject
Global
	GlobalSection(SolutionConfigurationPlatforms) = preSolution
		Debug|Any CPU = Debug|Any CPU
		Release|Any CPU = Release|Any CPU
	EndGlobalSection
	GlobalSection(ProjectConfigurationPlatforms) = postSolution
		{A7BD6EEF-A83D-40B4-8473-B1480B8088E3}.Debug|Any CPU.ActiveCfg = Debug|Any CPU
		{A7BD6EEF-A83D-40B4-8473-B1480B8088E3}.Debug|Any CPU.Build.0 = Debug|Any CPU
		{A7BD6EEF-A83D-40B4-8473-B1480B8088E3}.Release|Any CPU.ActiveCfg = Release|Any CPU
		{A7BD6EEF-A83D-40B4-8473-B1480B8088E3}.Release|Any CPU.Build.0 = Release|Any CPU
	EndGlobalSection
	GlobalSection(SolutionProperties) = preSolution
		HideSolutionNode = FALSE
	EndGlobalSection
	GlobalSection(ExtensibilityGlobals) = postSolution
		SolutionGuid = {AB03D823-F7D7-4D4F-AF50-D0271C88C7F5}
	EndGlobalSection
EndGlobal
